
Microsoft Visual Studio Solution File, Format Version 12.00
# Visual Studio Version 17
VisualStudioVersion = 17.0.31903.59
MinimumVisualStudioVersion = 10.0.40219.1
Project("{2150E333-8FDC-42A3-9474-1A3956D46DE8}") = "src", "src", "{EF167980-D126-4B89-9A72-7EF5A4FE6E85}"
EndProject
Project("{FAE04EC0-301F-11D3-BF4B-00C04F79EFBC}") = "PFM.Website", "src\PFM.Website\PFM.Website.csproj", "{0DCE2496-86CB-48B0-9306-041964FD2E6D}"
EndProject
Project("{FAE04EC0-301F-11D3-BF4B-00C04F79EFBC}") = "PFM.Services", "src\PFM.Services\PFM.Services.csproj", "{D57CCB25-3BBA-46A0-82D9-0C2BA769738E}"
EndProject
Project("{FAE04EC0-301F-11D3-BF4B-00C04F79EFBC}") = "PFM.Utils", "src\PFM.Utils\PFM.Utils.csproj", "{43BD6EA5-9DD0-4228-B4F9-8A31DAB9CD84}"
EndProject
Project("{FAE04EC0-301F-11D3-BF4B-00C04F79EFBC}") = "PFM.Models", "src\PFM.Models\PFM.Models.csproj", "{1BA3FDF3-0BAA-4DDE-B520-5102B7B3F064}"
EndProject
Global
	GlobalSection(SolutionConfigurationPlatforms) = preSolution
		Debug|Any CPU = Debug|Any CPU
		Release|Any CPU = Release|Any CPU
	EndGlobalSection
	GlobalSection(SolutionProperties) = preSolution
		HideSolutionNode = FALSE
	EndGlobalSection
	GlobalSection(ProjectConfigurationPlatforms) = postSolution
		{0DCE2496-86CB-48B0-9306-041964FD2E6D}.Debug|Any CPU.ActiveCfg = Debug|Any CPU
		{0DCE2496-86CB-48B0-9306-041964FD2E6D}.Debug|Any CPU.Build.0 = Debug|Any CPU
		{0DCE2496-86CB-48B0-9306-041964FD2E6D}.Release|Any CPU.ActiveCfg = Release|Any CPU
		{0DCE2496-86CB-48B0-9306-041964FD2E6D}.Release|Any CPU.Build.0 = Release|Any CPU
		{D57CCB25-3BBA-46A0-82D9-0C2BA769738E}.Debug|Any CPU.ActiveCfg = Debug|Any CPU
		{D57CCB25-3BBA-46A0-82D9-0C2BA769738E}.Debug|Any CPU.Build.0 = Debug|Any CPU
		{D57CCB25-3BBA-46A0-82D9-0C2BA769738E}.Release|Any CPU.ActiveCfg = Release|Any CPU
		{D57CCB25-3BBA-46A0-82D9-0C2BA769738E}.Release|Any CPU.Build.0 = Release|Any CPU
		{43BD6EA5-9DD0-4228-B4F9-8A31DAB9CD84}.Debug|Any CPU.ActiveCfg = Debug|Any CPU
		{43BD6EA5-9DD0-4228-B4F9-8A31DAB9CD84}.Debug|Any CPU.Build.0 = Debug|Any CPU
		{43BD6EA5-9DD0-4228-B4F9-8A31DAB9CD84}.Release|Any CPU.ActiveCfg = Release|Any CPU
		{43BD6EA5-9DD0-4228-B4F9-8A31DAB9CD84}.Release|Any CPU.Build.0 = Release|Any CPU
		{1BA3FDF3-0BAA-4DDE-B520-5102B7B3F064}.Debug|Any CPU.ActiveCfg = Debug|Any CPU
		{1BA3FDF3-0BAA-4DDE-B520-5102B7B3F064}.Debug|Any CPU.Build.0 = Debug|Any CPU
		{1BA3FDF3-0BAA-4DDE-B520-5102B7B3F064}.Release|Any CPU.ActiveCfg = Release|Any CPU
		{1BA3FDF3-0BAA-4DDE-B520-5102B7B3F064}.Release|Any CPU.Build.0 = Release|Any CPU
	EndGlobalSection
	GlobalSection(NestedProjects) = preSolution
		{0DCE2496-86CB-48B0-9306-041964FD2E6D} = {EF167980-D126-4B89-9A72-7EF5A4FE6E85}
		{D57CCB25-3BBA-46A0-82D9-0C2BA769738E} = {EF167980-D126-4B89-9A72-7EF5A4FE6E85}
		{43BD6EA5-9DD0-4228-B4F9-8A31DAB9CD84} = {EF167980-D126-4B89-9A72-7EF5A4FE6E85}
		{1BA3FDF3-0BAA-4DDE-B520-5102B7B3F064} = {EF167980-D126-4B89-9A72-7EF5A4FE6E85}
	EndGlobalSection
EndGlobal
