
Microsoft Visual Studio Solution File, Format Version 12.00
# Visual Studio 14
VisualStudioVersion = 14.0.25420.1
MinimumVisualStudioVersion = 14.0.23107.0
Project("{FAE04EC0-301F-11D3-BF4B-00C04F79EFBC}") = "PersonalFinanceManager", "PersonalFinanceManager\PersonalFinanceManager.csproj", "{057DD433-376F-4502-A222-919AA170579B}"
EndProject
Project("{FAE04EC0-301F-11D3-BF4B-00C04F79EFBC}") = "PersonalFinanceManager.Entities", "PersonalFinanceManager.Entities\PersonalFinanceManager.Entities.csproj", "{92D1D39B-F7F1-4208-9DA0-6CCE314B12A6}"
EndProject
Project("{FAE04EC0-301F-11D3-BF4B-00C04F79EFBC}") = "PersonalFinanceManager.Models", "PersonalFinanceManager.Models\PersonalFinanceManager.Models.csproj", "{8CE35126-BB04-4D14-B968-62D99C6AD2FF}"
EndProject
Project("{FAE04EC0-301F-11D3-BF4B-00C04F79EFBC}") = "PersonalFinanceManager.Utils", "PersonalFinanceManager.Utils\PersonalFinanceManager.Utils.csproj", "{ACC1968A-1D7F-4662-ACB9-1490088C93BC}"
EndProject
Project("{FAE04EC0-301F-11D3-BF4B-00C04F79EFBC}") = "PersonalFinanceManager.Services", "PersonalFinanceManager.Services\PersonalFinanceManager.Services.csproj", "{C4710950-3074-4CB2-BAB9-1866183F399F}"
EndProject
Project("{FAE04EC0-301F-11D3-BF4B-00C04F79EFBC}") = "PersonalFinanceManager.DataAccess", "PersonalFinanceManager.DataAccess\PersonalFinanceManager.DataAccess.csproj", "{9312252F-173C-4563-B24E-AAD56C696784}"
EndProject
Project("{FAE04EC0-301F-11D3-BF4B-00C04F79EFBC}") = "PersonalFinanceManager.Core", "PersonalFinanceManager.Core\PersonalFinanceManager.Core.csproj", "{CC71140C-A248-41AC-AAD9-593BB10F7CEB}"
EndProject
Project("{FAE04EC0-301F-11D3-BF4B-00C04F79EFBC}") = "PersonalFinanceManager.Tests", "PersonalFinanceManager.Tests\PersonalFinanceManager.Tests.csproj", "{79682E78-F46E-412C-983C-EC1BB1378139}"
EndProject
Global
	GlobalSection(SolutionConfigurationPlatforms) = preSolution
		Debug|Any CPU = Debug|Any CPU
		Debug|ARM = Debug|ARM
		Debug|x64 = Debug|x64
		Debug|x86 = Debug|x86
		Release|Any CPU = Release|Any CPU
		Release|ARM = Release|ARM
		Release|x64 = Release|x64
		Release|x86 = Release|x86
	EndGlobalSection
	GlobalSection(ProjectConfigurationPlatforms) = postSolution
		{057DD433-376F-4502-A222-919AA170579B}.Debug|Any CPU.ActiveCfg = Debug|Any CPU
		{057DD433-376F-4502-A222-919AA170579B}.Debug|Any CPU.Build.0 = Debug|Any CPU
		{057DD433-376F-4502-A222-919AA170579B}.Debug|ARM.ActiveCfg = Debug|Any CPU
		{057DD433-376F-4502-A222-919AA170579B}.Debug|ARM.Build.0 = Debug|Any CPU
		{057DD433-376F-4502-A222-919AA170579B}.Debug|x64.ActiveCfg = Debug|Any CPU
		{057DD433-376F-4502-A222-919AA170579B}.Debug|x64.Build.0 = Debug|Any CPU
		{057DD433-376F-4502-A222-919AA170579B}.Debug|x86.ActiveCfg = Debug|Any CPU
		{057DD433-376F-4502-A222-919AA170579B}.Debug|x86.Build.0 = Debug|Any CPU
		{057DD433-376F-4502-A222-919AA170579B}.Release|Any CPU.ActiveCfg = Release|Any CPU
		{057DD433-376F-4502-A222-919AA170579B}.Release|Any CPU.Build.0 = Release|Any CPU
		{057DD433-376F-4502-A222-919AA170579B}.Release|ARM.ActiveCfg = Release|Any CPU
		{057DD433-376F-4502-A222-919AA170579B}.Release|ARM.Build.0 = Release|Any CPU
		{057DD433-376F-4502-A222-919AA170579B}.Release|x64.ActiveCfg = Release|Any CPU
		{057DD433-376F-4502-A222-919AA170579B}.Release|x64.Build.0 = Release|Any CPU
		{057DD433-376F-4502-A222-919AA170579B}.Release|x86.ActiveCfg = Release|Any CPU
		{057DD433-376F-4502-A222-919AA170579B}.Release|x86.Build.0 = Release|Any CPU
		{92D1D39B-F7F1-4208-9DA0-6CCE314B12A6}.Debug|Any CPU.ActiveCfg = Debug|Any CPU
		{92D1D39B-F7F1-4208-9DA0-6CCE314B12A6}.Debug|Any CPU.Build.0 = Debug|Any CPU
		{92D1D39B-F7F1-4208-9DA0-6CCE314B12A6}.Debug|ARM.ActiveCfg = Debug|Any CPU
		{92D1D39B-F7F1-4208-9DA0-6CCE314B12A6}.Debug|ARM.Build.0 = Debug|Any CPU
		{92D1D39B-F7F1-4208-9DA0-6CCE314B12A6}.Debug|x64.ActiveCfg = Debug|Any CPU
		{92D1D39B-F7F1-4208-9DA0-6CCE314B12A6}.Debug|x64.Build.0 = Debug|Any CPU
		{92D1D39B-F7F1-4208-9DA0-6CCE314B12A6}.Debug|x86.ActiveCfg = Debug|Any CPU
		{92D1D39B-F7F1-4208-9DA0-6CCE314B12A6}.Debug|x86.Build.0 = Debug|Any CPU
		{92D1D39B-F7F1-4208-9DA0-6CCE314B12A6}.Release|Any CPU.ActiveCfg = Release|Any CPU
		{92D1D39B-F7F1-4208-9DA0-6CCE314B12A6}.Release|Any CPU.Build.0 = Release|Any CPU
		{92D1D39B-F7F1-4208-9DA0-6CCE314B12A6}.Release|ARM.ActiveCfg = Release|Any CPU
		{92D1D39B-F7F1-4208-9DA0-6CCE314B12A6}.Release|ARM.Build.0 = Release|Any CPU
		{92D1D39B-F7F1-4208-9DA0-6CCE314B12A6}.Release|x64.ActiveCfg = Release|Any CPU
		{92D1D39B-F7F1-4208-9DA0-6CCE314B12A6}.Release|x64.Build.0 = Release|Any CPU
		{92D1D39B-F7F1-4208-9DA0-6CCE314B12A6}.Release|x86.ActiveCfg = Release|Any CPU
		{92D1D39B-F7F1-4208-9DA0-6CCE314B12A6}.Release|x86.Build.0 = Release|Any CPU
		{8CE35126-BB04-4D14-B968-62D99C6AD2FF}.Debug|Any CPU.ActiveCfg = Debug|Any CPU
		{8CE35126-BB04-4D14-B968-62D99C6AD2FF}.Debug|Any CPU.Build.0 = Debug|Any CPU
		{8CE35126-BB04-4D14-B968-62D99C6AD2FF}.Debug|ARM.ActiveCfg = Debug|Any CPU
		{8CE35126-BB04-4D14-B968-62D99C6AD2FF}.Debug|ARM.Build.0 = Debug|Any CPU
		{8CE35126-BB04-4D14-B968-62D99C6AD2FF}.Debug|x64.ActiveCfg = Debug|Any CPU
		{8CE35126-BB04-4D14-B968-62D99C6AD2FF}.Debug|x64.Build.0 = Debug|Any CPU
		{8CE35126-BB04-4D14-B968-62D99C6AD2FF}.Debug|x86.ActiveCfg = Debug|Any CPU
		{8CE35126-BB04-4D14-B968-62D99C6AD2FF}.Debug|x86.Build.0 = Debug|Any CPU
		{8CE35126-BB04-4D14-B968-62D99C6AD2FF}.Release|Any CPU.ActiveCfg = Release|Any CPU
		{8CE35126-BB04-4D14-B968-62D99C6AD2FF}.Release|Any CPU.Build.0 = Release|Any CPU
		{8CE35126-BB04-4D14-B968-62D99C6AD2FF}.Release|ARM.ActiveCfg = Release|Any CPU
		{8CE35126-BB04-4D14-B968-62D99C6AD2FF}.Release|ARM.Build.0 = Release|Any CPU
		{8CE35126-BB04-4D14-B968-62D99C6AD2FF}.Release|x64.ActiveCfg = Release|Any CPU
		{8CE35126-BB04-4D14-B968-62D99C6AD2FF}.Release|x64.Build.0 = Release|Any CPU
		{8CE35126-BB04-4D14-B968-62D99C6AD2FF}.Release|x86.ActiveCfg = Release|Any CPU
		{8CE35126-BB04-4D14-B968-62D99C6AD2FF}.Release|x86.Build.0 = Release|Any CPU
		{ACC1968A-1D7F-4662-ACB9-1490088C93BC}.Debug|Any CPU.ActiveCfg = Debug|Any CPU
		{ACC1968A-1D7F-4662-ACB9-1490088C93BC}.Debug|Any CPU.Build.0 = Debug|Any CPU
		{ACC1968A-1D7F-4662-ACB9-1490088C93BC}.Debug|ARM.ActiveCfg = Debug|Any CPU
		{ACC1968A-1D7F-4662-ACB9-1490088C93BC}.Debug|ARM.Build.0 = Debug|Any CPU
		{ACC1968A-1D7F-4662-ACB9-1490088C93BC}.Debug|x64.ActiveCfg = Debug|Any CPU
		{ACC1968A-1D7F-4662-ACB9-1490088C93BC}.Debug|x64.Build.0 = Debug|Any CPU
		{ACC1968A-1D7F-4662-ACB9-1490088C93BC}.Debug|x86.ActiveCfg = Debug|Any CPU
		{ACC1968A-1D7F-4662-ACB9-1490088C93BC}.Debug|x86.Build.0 = Debug|Any CPU
		{ACC1968A-1D7F-4662-ACB9-1490088C93BC}.Release|Any CPU.ActiveCfg = Release|Any CPU
		{ACC1968A-1D7F-4662-ACB9-1490088C93BC}.Release|Any CPU.Build.0 = Release|Any CPU
		{ACC1968A-1D7F-4662-ACB9-1490088C93BC}.Release|ARM.ActiveCfg = Release|Any CPU
		{ACC1968A-1D7F-4662-ACB9-1490088C93BC}.Release|ARM.Build.0 = Release|Any CPU
		{ACC1968A-1D7F-4662-ACB9-1490088C93BC}.Release|x64.ActiveCfg = Release|Any CPU
		{ACC1968A-1D7F-4662-ACB9-1490088C93BC}.Release|x64.Build.0 = Release|Any CPU
		{ACC1968A-1D7F-4662-ACB9-1490088C93BC}.Release|x86.ActiveCfg = Release|Any CPU
		{ACC1968A-1D7F-4662-ACB9-1490088C93BC}.Release|x86.Build.0 = Release|Any CPU
		{C4710950-3074-4CB2-BAB9-1866183F399F}.Debug|Any CPU.ActiveCfg = Debug|Any CPU
		{C4710950-3074-4CB2-BAB9-1866183F399F}.Debug|Any CPU.Build.0 = Debug|Any CPU
		{C4710950-3074-4CB2-BAB9-1866183F399F}.Debug|ARM.ActiveCfg = Debug|Any CPU
		{C4710950-3074-4CB2-BAB9-1866183F399F}.Debug|ARM.Build.0 = Debug|Any CPU
		{C4710950-3074-4CB2-BAB9-1866183F399F}.Debug|x64.ActiveCfg = Debug|Any CPU
		{C4710950-3074-4CB2-BAB9-1866183F399F}.Debug|x64.Build.0 = Debug|Any CPU
		{C4710950-3074-4CB2-BAB9-1866183F399F}.Debug|x86.ActiveCfg = Debug|Any CPU
		{C4710950-3074-4CB2-BAB9-1866183F399F}.Debug|x86.Build.0 = Debug|Any CPU
		{C4710950-3074-4CB2-BAB9-1866183F399F}.Release|Any CPU.ActiveCfg = Release|Any CPU
		{C4710950-3074-4CB2-BAB9-1866183F399F}.Release|Any CPU.Build.0 = Release|Any CPU
		{C4710950-3074-4CB2-BAB9-1866183F399F}.Release|ARM.ActiveCfg = Release|Any CPU
		{C4710950-3074-4CB2-BAB9-1866183F399F}.Release|ARM.Build.0 = Release|Any CPU
		{C4710950-3074-4CB2-BAB9-1866183F399F}.Release|x64.ActiveCfg = Release|Any CPU
		{C4710950-3074-4CB2-BAB9-1866183F399F}.Release|x64.Build.0 = Release|Any CPU
		{C4710950-3074-4CB2-BAB9-1866183F399F}.Release|x86.ActiveCfg = Release|Any CPU
		{C4710950-3074-4CB2-BAB9-1866183F399F}.Release|x86.Build.0 = Release|Any CPU
		{9312252F-173C-4563-B24E-AAD56C696784}.Debug|Any CPU.ActiveCfg = Debug|Any CPU
		{9312252F-173C-4563-B24E-AAD56C696784}.Debug|Any CPU.Build.0 = Debug|Any CPU
		{9312252F-173C-4563-B24E-AAD56C696784}.Debug|ARM.ActiveCfg = Debug|Any CPU
		{9312252F-173C-4563-B24E-AAD56C696784}.Debug|ARM.Build.0 = Debug|Any CPU
		{9312252F-173C-4563-B24E-AAD56C696784}.Debug|x64.ActiveCfg = Debug|Any CPU
		{9312252F-173C-4563-B24E-AAD56C696784}.Debug|x64.Build.0 = Debug|Any CPU
		{9312252F-173C-4563-B24E-AAD56C696784}.Debug|x86.ActiveCfg = Debug|Any CPU
		{9312252F-173C-4563-B24E-AAD56C696784}.Debug|x86.Build.0 = Debug|Any CPU
		{9312252F-173C-4563-B24E-AAD56C696784}.Release|Any CPU.ActiveCfg = Release|Any CPU
		{9312252F-173C-4563-B24E-AAD56C696784}.Release|Any CPU.Build.0 = Release|Any CPU
		{9312252F-173C-4563-B24E-AAD56C696784}.Release|ARM.ActiveCfg = Release|Any CPU
		{9312252F-173C-4563-B24E-AAD56C696784}.Release|ARM.Build.0 = Release|Any CPU
		{9312252F-173C-4563-B24E-AAD56C696784}.Release|x64.ActiveCfg = Release|Any CPU
		{9312252F-173C-4563-B24E-AAD56C696784}.Release|x64.Build.0 = Release|Any CPU
		{9312252F-173C-4563-B24E-AAD56C696784}.Release|x86.ActiveCfg = Release|Any CPU
		{9312252F-173C-4563-B24E-AAD56C696784}.Release|x86.Build.0 = Release|Any CPU
		{CC71140C-A248-41AC-AAD9-593BB10F7CEB}.Debug|Any CPU.ActiveCfg = Debug|Any CPU
		{CC71140C-A248-41AC-AAD9-593BB10F7CEB}.Debug|Any CPU.Build.0 = Debug|Any CPU
		{CC71140C-A248-41AC-AAD9-593BB10F7CEB}.Debug|ARM.ActiveCfg = Debug|Any CPU
		{CC71140C-A248-41AC-AAD9-593BB10F7CEB}.Debug|ARM.Build.0 = Debug|Any CPU
		{CC71140C-A248-41AC-AAD9-593BB10F7CEB}.Debug|x64.ActiveCfg = Debug|Any CPU
		{CC71140C-A248-41AC-AAD9-593BB10F7CEB}.Debug|x64.Build.0 = Debug|Any CPU
		{CC71140C-A248-41AC-AAD9-593BB10F7CEB}.Debug|x86.ActiveCfg = Debug|Any CPU
		{CC71140C-A248-41AC-AAD9-593BB10F7CEB}.Debug|x86.Build.0 = Debug|Any CPU
		{CC71140C-A248-41AC-AAD9-593BB10F7CEB}.Release|Any CPU.ActiveCfg = Release|Any CPU
		{CC71140C-A248-41AC-AAD9-593BB10F7CEB}.Release|Any CPU.Build.0 = Release|Any CPU
		{CC71140C-A248-41AC-AAD9-593BB10F7CEB}.Release|ARM.ActiveCfg = Release|Any CPU
		{CC71140C-A248-41AC-AAD9-593BB10F7CEB}.Release|ARM.Build.0 = Release|Any CPU
		{CC71140C-A248-41AC-AAD9-593BB10F7CEB}.Release|x64.ActiveCfg = Release|Any CPU
		{CC71140C-A248-41AC-AAD9-593BB10F7CEB}.Release|x64.Build.0 = Release|Any CPU
		{CC71140C-A248-41AC-AAD9-593BB10F7CEB}.Release|x86.ActiveCfg = Release|Any CPU
		{CC71140C-A248-41AC-AAD9-593BB10F7CEB}.Release|x86.Build.0 = Release|Any CPU
		{79682E78-F46E-412C-983C-EC1BB1378139}.Debug|Any CPU.ActiveCfg = Debug|Any CPU
		{79682E78-F46E-412C-983C-EC1BB1378139}.Debug|Any CPU.Build.0 = Debug|Any CPU
		{79682E78-F46E-412C-983C-EC1BB1378139}.Debug|ARM.ActiveCfg = Debug|Any CPU
		{79682E78-F46E-412C-983C-EC1BB1378139}.Debug|ARM.Build.0 = Debug|Any CPU
		{79682E78-F46E-412C-983C-EC1BB1378139}.Debug|x64.ActiveCfg = Debug|Any CPU
		{79682E78-F46E-412C-983C-EC1BB1378139}.Debug|x64.Build.0 = Debug|Any CPU
		{79682E78-F46E-412C-983C-EC1BB1378139}.Debug|x86.ActiveCfg = Debug|Any CPU
		{79682E78-F46E-412C-983C-EC1BB1378139}.Debug|x86.Build.0 = Debug|Any CPU
		{79682E78-F46E-412C-983C-EC1BB1378139}.Release|Any CPU.ActiveCfg = Release|Any CPU
		{79682E78-F46E-412C-983C-EC1BB1378139}.Release|Any CPU.Build.0 = Release|Any CPU
		{79682E78-F46E-412C-983C-EC1BB1378139}.Release|ARM.ActiveCfg = Release|Any CPU
		{79682E78-F46E-412C-983C-EC1BB1378139}.Release|ARM.Build.0 = Release|Any CPU
		{79682E78-F46E-412C-983C-EC1BB1378139}.Release|x64.ActiveCfg = Release|Any CPU
		{79682E78-F46E-412C-983C-EC1BB1378139}.Release|x64.Build.0 = Release|Any CPU
		{79682E78-F46E-412C-983C-EC1BB1378139}.Release|x86.ActiveCfg = Release|Any CPU
		{79682E78-F46E-412C-983C-EC1BB1378139}.Release|x86.Build.0 = Release|Any CPU
	EndGlobalSection
	GlobalSection(SolutionProperties) = preSolution
		HideSolutionNode = FALSE
	EndGlobalSection
EndGlobal
