
Microsoft Visual Studio Solution File, Format Version 12.00
# Visual Studio Version 17
VisualStudioVersion = 17.0.31903.59
MinimumVisualStudioVersion = 10.0.40219.1
Project("{2150E333-8FDC-42A3-9474-1A3956D46DE8}") = "src", "src", "{0CA2EBAE-CA81-42DD-B7F5-934FE252BE7B}"
EndProject
Project("{FAE04EC0-301F-11D3-BF4B-00C04F79EFBC}") = "PFM.CommonLibraries.Api", "src\PFM.CommonLibraries.Api\PFM.CommonLibraries.Api.csproj", "{6E70B624-1641-4D64-A80A-68FFB8566DC9}"
EndProject
Project("{FAE04EC0-301F-11D3-BF4B-00C04F79EFBC}") = "PFM.CommonLibraries.Services", "src\PFM.CommonLibraries.Services\PFM.CommonLibraries.Services.csproj", "{C585A44B-71EB-47C7-9CA9-7433D690F6F7}"
EndProject
Project("{FAE04EC0-301F-11D3-BF4B-00C04F79EFBC}") = "PFM.CommonLibraries.EventPublisher", "src\PFM.CommonLibraries.EventPublisher\PFM.CommonLibraries.EventPublisher.csproj", "{28F1A19B-D5F5-4355-8A62-3FB436C98DDE}"
EndProject
Project("{FAE04EC0-301F-11D3-BF4B-00C04F79EFBC}") = "PFM.CommonLibraries.DataAccessLayer", "src\PFM.CommonLibraries.DataAccessLayer\PFM.CommonLibraries.DataAccessLayer.csproj", "{E7B36AF2-74B0-46A8-8B13-00FDE8D6C015}"
EndProject
Global
	GlobalSection(SolutionConfigurationPlatforms) = preSolution
		Debug|Any CPU = Debug|Any CPU
		Release|Any CPU = Release|Any CPU
	EndGlobalSection
	GlobalSection(ProjectConfigurationPlatforms) = postSolution
		{6E70B624-1641-4D64-A80A-68FFB8566DC9}.Debug|Any CPU.ActiveCfg = Debug|Any CPU
		{6E70B624-1641-4D64-A80A-68FFB8566DC9}.Debug|Any CPU.Build.0 = Debug|Any CPU
		{6E70B624-1641-4D64-A80A-68FFB8566DC9}.Release|Any CPU.ActiveCfg = Release|Any CPU
		{6E70B624-1641-4D64-A80A-68FFB8566DC9}.Release|Any CPU.Build.0 = Release|Any CPU
		{C585A44B-71EB-47C7-9CA9-7433D690F6F7}.Debug|Any CPU.ActiveCfg = Debug|Any CPU
		{C585A44B-71EB-47C7-9CA9-7433D690F6F7}.Debug|Any CPU.Build.0 = Debug|Any CPU
		{C585A44B-71EB-47C7-9CA9-7433D690F6F7}.Release|Any CPU.ActiveCfg = Release|Any CPU
		{C585A44B-71EB-47C7-9CA9-7433D690F6F7}.Release|Any CPU.Build.0 = Release|Any CPU
		{28F1A19B-D5F5-4355-8A62-3FB436C98DDE}.Debug|Any CPU.ActiveCfg = Debug|Any CPU
		{28F1A19B-D5F5-4355-8A62-3FB436C98DDE}.Debug|Any CPU.Build.0 = Debug|Any CPU
		{28F1A19B-D5F5-4355-8A62-3FB436C98DDE}.Release|Any CPU.ActiveCfg = Release|Any CPU
		{28F1A19B-D5F5-4355-8A62-3FB436C98DDE}.Release|Any CPU.Build.0 = Release|Any CPU
		{E7B36AF2-74B0-46A8-8B13-00FDE8D6C015}.Debug|Any CPU.ActiveCfg = Debug|Any CPU
		{E7B36AF2-74B0-46A8-8B13-00FDE8D6C015}.Debug|Any CPU.Build.0 = Debug|Any CPU
		{E7B36AF2-74B0-46A8-8B13-00FDE8D6C015}.Release|Any CPU.ActiveCfg = Release|Any CPU
		{E7B36AF2-74B0-46A8-8B13-00FDE8D6C015}.Release|Any CPU.Build.0 = Release|Any CPU
	EndGlobalSection
	GlobalSection(SolutionProperties) = preSolution
		HideSolutionNode = FALSE
	EndGlobalSection
	GlobalSection(NestedProjects) = preSolution
		{6E70B624-1641-4D64-A80A-68FFB8566DC9} = {0CA2EBAE-CA81-42DD-B7F5-934FE252BE7B}
		{C585A44B-71EB-47C7-9CA9-7433D690F6F7} = {0CA2EBAE-CA81-42DD-B7F5-934FE252BE7B}
		{28F1A19B-D5F5-4355-8A62-3FB436C98DDE} = {0CA2EBAE-CA81-42DD-B7F5-934FE252BE7B}
		{E7B36AF2-74B0-46A8-8B13-00FDE8D6C015} = {0CA2EBAE-CA81-42DD-B7F5-934FE252BE7B}
	EndGlobalSection
	GlobalSection(ExtensibilityGlobals) = postSolution
		SolutionGuid = {01BF939A-6479-4145-8B5B-D5DB4F3884F6}
	EndGlobalSection
EndGlobal
