
Microsoft Visual Studio Solution File, Format Version 12.00
# Visual Studio 15
VisualStudioVersion = 15.0.27703.2000
MinimumVisualStudioVersion = 10.0.40219.1
Project("{9A19103F-16F7-4668-BE54-9A1E7A4F7556}") = "PFM.Api", "PFM.Api\PFM.Api.csproj", "{58CE1239-BCE2-4F6A-B595-CCCB44E8A3B0}"
EndProject
Project("{9A19103F-16F7-4668-BE54-9A1E7A4F7556}") = "PFM.Services", "PFM.Services\PFM.Services.csproj", "{8330FD38-51C7-4FA1-8168-BF5117DCD79D}"
EndProject
Project("{9A19103F-16F7-4668-BE54-9A1E7A4F7556}") = "PFM.DataAccessLayer", "PFM.DataAccessLayer\PFM.DataAccessLayer.csproj", "{3C0AB2B0-F26E-4D6F-8134-16A932544167}"
EndProject
Project("{FAE04EC0-301F-11D3-BF4B-00C04F79EFBC}") = "PFM.UnitTests", "PFM.UnitTests\PFM.UnitTests.csproj", "{301FBC24-E53A-4378-9309-0DA5E2521679}"
EndProject
Global
	GlobalSection(SolutionConfigurationPlatforms) = preSolution
		Debug|Any CPU = Debug|Any CPU
		Release|Any CPU = Release|Any CPU
	EndGlobalSection
	GlobalSection(ProjectConfigurationPlatforms) = postSolution
		{58CE1239-BCE2-4F6A-B595-CCCB44E8A3B0}.Debug|Any CPU.ActiveCfg = Debug|Any CPU
		{58CE1239-BCE2-4F6A-B595-CCCB44E8A3B0}.Debug|Any CPU.Build.0 = Debug|Any CPU
		{58CE1239-BCE2-4F6A-B595-CCCB44E8A3B0}.Release|Any CPU.ActiveCfg = Release|Any CPU
		{58CE1239-BCE2-4F6A-B595-CCCB44E8A3B0}.Release|Any CPU.Build.0 = Release|Any CPU
		{8330FD38-51C7-4FA1-8168-BF5117DCD79D}.Debug|Any CPU.ActiveCfg = Debug|Any CPU
		{8330FD38-51C7-4FA1-8168-BF5117DCD79D}.Debug|Any CPU.Build.0 = Debug|Any CPU
		{8330FD38-51C7-4FA1-8168-BF5117DCD79D}.Release|Any CPU.ActiveCfg = Release|Any CPU
		{8330FD38-51C7-4FA1-8168-BF5117DCD79D}.Release|Any CPU.Build.0 = Release|Any CPU
		{3C0AB2B0-F26E-4D6F-8134-16A932544167}.Debug|Any CPU.ActiveCfg = Debug|Any CPU
		{3C0AB2B0-F26E-4D6F-8134-16A932544167}.Debug|Any CPU.Build.0 = Debug|Any CPU
		{3C0AB2B0-F26E-4D6F-8134-16A932544167}.Release|Any CPU.ActiveCfg = Release|Any CPU
		{3C0AB2B0-F26E-4D6F-8134-16A932544167}.Release|Any CPU.Build.0 = Release|Any CPU
		{301FBC24-E53A-4378-9309-0DA5E2521679}.Debug|Any CPU.ActiveCfg = Debug|Any CPU
		{301FBC24-E53A-4378-9309-0DA5E2521679}.Debug|Any CPU.Build.0 = Debug|Any CPU
		{301FBC24-E53A-4378-9309-0DA5E2521679}.Release|Any CPU.ActiveCfg = Release|Any CPU
		{301FBC24-E53A-4378-9309-0DA5E2521679}.Release|Any CPU.Build.0 = Release|Any CPU
	EndGlobalSection
	GlobalSection(SolutionProperties) = preSolution
		HideSolutionNode = FALSE
	EndGlobalSection
	GlobalSection(ExtensibilityGlobals) = postSolution
		SolutionGuid = {AA670247-C5F2-432F-9500-B1566565C984}
	EndGlobalSection
EndGlobal
