
Microsoft Visual Studio Solution File, Format Version 12.00
# Visual Studio Version 17
VisualStudioVersion = 17.6.33617.297
MinimumVisualStudioVersion = 14.0.23107.0
Project("{2150E333-8FDC-42A3-9474-1A3956D46DE8}") = "src", "src", "{64A839C0-0008-4E03-91F0-04DD224C2C31}"
EndProject
Project("{2150E333-8FDC-42A3-9474-1A3956D46DE8}") = "test", "test", "{ADA87CCC-4999-45C7-9F4C-2EFF5D43B1A5}"
EndProject
Project("{FAE04EC0-301F-11D3-BF4B-00C04F79EFBC}") = "PersonalFinanceManager", "src\PersonalFinanceManager\PersonalFinanceManager.csproj", "{057DD433-376F-4502-A222-919AA170579B}"
EndProject
Project("{FAE04EC0-301F-11D3-BF4B-00C04F79EFBC}") = "PersonalFinanceManager.ApiContractTests", "test\PersonalFinanceManager.ApiContractTests\PersonalFinanceManager.ApiContractTests.csproj", "{B1FAC465-724F-47ED-8D60-46377538697D}"
EndProject
Global
	GlobalSection(SolutionConfigurationPlatforms) = preSolution
		Debug|Any CPU = Debug|Any CPU
		Release|Any CPU = Release|Any CPU
	EndGlobalSection
	GlobalSection(ProjectConfigurationPlatforms) = postSolution
		{057DD433-376F-4502-A222-919AA170579B}.Debug|Any CPU.ActiveCfg = Debug|Any CPU
		{057DD433-376F-4502-A222-919AA170579B}.Debug|Any CPU.Build.0 = Debug|Any CPU
		{057DD433-376F-4502-A222-919AA170579B}.Release|Any CPU.ActiveCfg = Release|Any CPU
		{057DD433-376F-4502-A222-919AA170579B}.Release|Any CPU.Build.0 = Release|Any CPU
		{B1FAC465-724F-47ED-8D60-46377538697D}.Debug|Any CPU.ActiveCfg = Debug|Any CPU
		{B1FAC465-724F-47ED-8D60-46377538697D}.Debug|Any CPU.Build.0 = Debug|Any CPU
		{B1FAC465-724F-47ED-8D60-46377538697D}.Release|Any CPU.ActiveCfg = Release|Any CPU
		{B1FAC465-724F-47ED-8D60-46377538697D}.Release|Any CPU.Build.0 = Release|Any CPU
	EndGlobalSection
	GlobalSection(SolutionProperties) = preSolution
		HideSolutionNode = FALSE
	EndGlobalSection
	GlobalSection(NestedProjects) = preSolution
		{057DD433-376F-4502-A222-919AA170579B} = {64A839C0-0008-4E03-91F0-04DD224C2C31}
		{B1FAC465-724F-47ED-8D60-46377538697D} = {ADA87CCC-4999-45C7-9F4C-2EFF5D43B1A5}
	EndGlobalSection
	GlobalSection(ExtensibilityGlobals) = postSolution
		SolutionGuid = {C955F52C-283C-4A0F-BA98-418131F1B0E2}
	EndGlobalSection
EndGlobal
